
Microsoft Visual Studio Solution File, Format Version 12.00
# Visual Studio 15
VisualStudioVersion = 15.0.27428.2015
MinimumVisualStudioVersion = 10.0.40219.1
Project("{FAE04EC0-301F-11D3-BF4B-00C04F79EFBC}") = "MiscUnitTests", "MiscUnitTests\MiscUnitTests.csproj", "{92BFD68D-FA5C-4F60-819C-0B03558C37D9}"
EndProject
Global
	GlobalSection(SolutionConfigurationPlatforms) = preSolution
		Debug|Any CPU = Debug|Any CPU
		Release|Any CPU = Release|Any CPU
	EndGlobalSection
	GlobalSection(ProjectConfigurationPlatforms) = postSolution
		{92BFD68D-FA5C-4F60-819C-0B03558C37D9}.Debug|Any CPU.ActiveCfg = Debug|Any CPU
		{92BFD68D-FA5C-4F60-819C-0B03558C37D9}.Debug|Any CPU.Build.0 = Debug|Any CPU
		{92BFD68D-FA5C-4F60-819C-0B03558C37D9}.Release|Any CPU.ActiveCfg = Release|Any CPU
		{92BFD68D-FA5C-4F60-819C-0B03558C37D9}.Release|Any CPU.Build.0 = Release|Any CPU
	EndGlobalSection
	GlobalSection(SolutionProperties) = preSolution
		HideSolutionNode = FALSE
	EndGlobalSection
	GlobalSection(ExtensibilityGlobals) = postSolution
		SolutionGuid = {BA925E23-BB66-478E-A105-065E898F6278}
	EndGlobalSection
EndGlobal
